{
    "_meta": {
        "hash": {
            "sha256": "f4c185852ccdfc1d2639553c2d476b56fb3364b80c2bf48c6c895a91e97e4220"
        },
        "pipfile-spec": 6,
        "requires": {
            "python_version": "3.13"
        },
        "sources": [
            {
                "name": "pypi",
                "url": "https://pypi.org/simple",
                "verify_ssl": true
            }
        ]
    },
    "default": {
        "ciso8601": {
            "hashes": [
                "sha256:0283884c33dbe0555f9a24749ac947f93eac7b131fdfeeee110ad999947d1680",
                "sha256:0fbbe659093d4aef1e66de0ee9a10487439527be4b2f6a6710960f98a41e2cc5",
                "sha256:13a3ca99eadbee4a9bb7dfb2bcf266a21828033853cd99803a9893d3473ac0e9",
                "sha256:1bb2d4d20d7ed65fcc7137652d7d980c6eb2aa19c935579309170137d33064ce",
                "sha256:2d31a04bea97f21b797fd414b465c00283b70d9523e8e51bc303bec04195a278",
                "sha256:2e740d2dcac81b5adb0cff641706d5a9e54ff4f3bb7e24437cdacdab3937c0a3",
                "sha256:2e9a072465ecdbaa3bd2b17e26cc7a0376f9729021c8000656dd97a9343f8723",
                "sha256:2f20654de6b0374eade96d8dcb0642196632067b6dd2e24068c563ac6b8551c6",
                "sha256:3039f11ced0bc971341ab63be222860eb2cc942d51a7aa101b1809b633ad2288",
                "sha256:347db58040ad1cb3d2175f5699f0fb1abcb9e894ad744e3460b01bd101bb78a1",
                "sha256:361a49da3e53811ddc371ff2183d32ee673321899e4653c4d55ed06d0a81ef3d",
                "sha256:3fe497819e50a245253a3b2d62ec4c68f8cf337d79dc18e2f3b0a74d24dc5e93",
                "sha256:5308a14ac72898f91332ccfded2f18a6c558ccd184ccff84c4fb36c7e4c2a0e6",
                "sha256:5e9290e7e1b1c3a6df3967e3f1b22c334c980e841f5a1967ab6ef92b30a540d8",
                "sha256:6591d8f191b0a12fa5ac53e1bc0e799f6f2068d0fa5684815706c59a4831f412",
                "sha256:69136ef63e7d5178727f358a9cfe4dfda52f132eafcddfa7e6d5933ee1d73b7a",
                "sha256:6994b393b1e1147dbc2f13d6d508f6e95b96d7f770299a4af70b7c1d380242c1",
                "sha256:69e137cf862c724a9477b62d89fb8190f141ed6d036f6c4cf824be6d9a7b819e",
                "sha256:75870a1e496a17e9e8d2ac90125600e1bafe51679d2836b2f6cb66908fef7ad6",
                "sha256:7a8f96f91bdeabee7ebca2c6e48185bea45e195f406ff748c87a3c9ecefb25cc",
                "sha256:7eb6c8756806f4b8320fe57e3b048dafc54e99af7586160ff9318f35fc521268",
                "sha256:8ccb16db7ca83cc39df3c73285e9ab4920a90f0dbef566f60f0c6cca44becaba",
                "sha256:8e3205e4cfd63100f454ea67100c7c6123af32da0022bdc6e81058e95476a8ad",
                "sha256:91dab638ffaff1da12e0a6de4cfca520430426a1c0eaba5841b1311f45516d49",
                "sha256:a323aa0143ad8e99d7a0b0ac3005419c505e073e6f850f0443b5994b31a52d14",
                "sha256:af26301e0e0cfc6cda225fd2a8b1888bf3828a7d24756774325bda7d29ab2468",
                "sha256:af399c2671dfe8fead4f34908a6e6ef3689db9606f2028269b578afd2326b96e",
                "sha256:b069800ea5613eea7d323716133a74bd0fba4a781286167a20639b6628a7e068",
                "sha256:b0dcb8dc5998bc50346cec9d3b8b5deda8ddabeda70a923c110efb5100cd9754",
                "sha256:c117c415c43aa3db68ee16a2446cb85c5e88459650421d773f6f6444ce5e5819",
                "sha256:c585a05d745c36f974030d1831ed899f8b00afd760f6eff6b8de7eef72cb1336",
                "sha256:ce014a3559592320a2a7a7205257e57dd1277580038a30f153627c5d30ed7a07",
                "sha256:ce5f76297b6138dc5c085d4c5a0a631afded99f250233fe583dc365f67fe8a8d",
                "sha256:d61daee5e8daee87eba34151b9952ec8c3327ad9e54686b6247dcb9b2b135312",
                "sha256:d64634b02cfb194e54569d8de3ace89cec745644cab38157aea0b03d32031eda",
                "sha256:d7860ad2b52007becfd604cfe596f0b7ffa8ffe4f7336b58ef1a2234dc53fa10",
                "sha256:d99297a5925ef3c9ac316cab082c1b1623d976acdb5056fbb8cb12a854116351",
                "sha256:dac06a1bd3c12ab699c29024c5f052e7016cb904e085a5e2b26e6b92fd2dd1dc",
                "sha256:e825cb5ecd232775a94ef3c456ab19752ee8e66eaeb20562ea45472eaa8614ec",
                "sha256:e883a08b294694313bd3a85c1a136f4326ca26050552742c489159c52e296060",
                "sha256:ec1616969aa46c51310b196022e5d3926f8d3fa52b80ec17f6b4133623bd5434",
                "sha256:ecc2f7090e7b8427288b9528fa9571682426f2c7d45d39cf940321192d8796c8",
                "sha256:f0e856903cb6019ab26849af7270ef183b2314f87fd17686a8c98315eff794df",
                "sha256:fa8978a69a6061380b352442160d468915d102c18b0b805a950311e6e0f3b821",
                "sha256:fbbe0af7ef440d679ce546f926fc441e31025c6a96c1bb54087df0e5e6c8e021",
                "sha256:fc2a6bb31030b875c7706554b99e1d724250e0fc8160aa2f3ae32520b8dccbc5",
                "sha256:ff397592a0eadd5e0aec395a285751707c655439abb874ad93e34d04d925ec8d"
            ],
            "version": "==2.3.2"
        },
        "numpy": {
            "hashes": [
                "sha256:0557eebc699c1c34cccdd8c3778c9294e8196df27d713706895edc6f57d29608",
                "sha256:0798b138c291d792f8ea40fe3768610f3c7dd2574389e37c3f26573757c8f7ef",
                "sha256:0da8495970f6b101ddd0c38ace92edea30e7e12b9a926b57f5fabb1ecc25bb90",
                "sha256:0f0986e917aca18f7a567b812ef7ca9391288e2acb7a4308aa9d265bd724bdae",
                "sha256:122fd2fcfafdefc889c64ad99c228d5a1f9692c3a83f56c292618a59aa60ae83",
                "sha256:140dd80ff8981a583a60980be1a655068f8adebf7a45a06a6858c873fcdcd4a0",
                "sha256:16757cf28621e43e252c560d25b15f18a2f11da94fea344bf26c599b9cf54b73",
                "sha256:18142b497d70a34b01642b9feabb70156311b326fdddd875a9981f34a369b671",
                "sha256:1c92113619f7b272838b8d6702a7f8ebe5edea0df48166c47929611d0b4dea69",
                "sha256:1e25507d85da11ff5066269d0bd25d06e0a0f2e908415534f3e603d2a78e4ffa",
                "sha256:30bf971c12e4365153afb31fc73f441d4da157153f3400b82db32d04de1e4066",
                "sha256:3579eaeb5e07f3ded59298ce22b65f877a86ba8e9fe701f5576c99bb17c283da",
                "sha256:36b2b43146f646642b425dd2027730f99bac962618ec2052932157e213a040e9",
                "sha256:3905a5fffcc23e597ee4d9fb3fcd209bd658c352657548db7316e810ca80458e",
                "sha256:3a4199f519e57d517ebd48cb76b36c82da0360781c6a0353e64c0cac30ecaad3",
                "sha256:3f2f5cddeaa4424a0a118924b988746db6ffa8565e5829b1841a8a3bd73eb59a",
                "sha256:40deb10198bbaa531509aad0cd2f9fadb26c8b94070831e2208e7df543562b74",
                "sha256:440cfb3db4c5029775803794f8638fbdbf71ec702caf32735f53b008e1eaece3",
                "sha256:4723a50e1523e1de4fccd1b9a6dcea750c2102461e9a02b2ac55ffeae09a4410",
                "sha256:4bddbaa30d78c86329b26bd6aaaea06b1e47444da99eddac7bf1e2fab717bd72",
                "sha256:4e58666988605e251d42c2818c7d3d8991555381be26399303053b58a5bbf30d",
                "sha256:54dc1d6d66f8d37843ed281773c7174f03bf7ad826523f73435deb88ba60d2d4",
                "sha256:57fcc997ffc0bef234b8875a54d4058afa92b0b0c4223fc1f62f24b3b5e86038",
                "sha256:58b92a5828bd4d9aa0952492b7de803135038de47343b2aa3cc23f3b71a3dc4e",
                "sha256:5a145e956b374e72ad1dff82779177d4a3c62bc8248f41b80cb5122e68f22d13",
                "sha256:6ab153263a7c5ccaf6dfe7e53447b74f77789f28ecb278c3b5d49db7ece10d6d",
                "sha256:7832f9e8eb00be32f15fdfb9a981d6955ea9adc8574c521d48710171b6c55e95",
                "sha256:7fe4bb0695fe986a9e4deec3b6857003b4cfe5c5e4aac0b95f6a658c14635e31",
                "sha256:7fe8f3583e0607ad4e43a954e35c1748b553bfe9fdac8635c02058023277d1b3",
                "sha256:85ad7d11b309bd132d74397fcf2920933c9d1dc865487128f5c03d580f2c3d03",
                "sha256:9874bc2ff574c40ab7a5cbb7464bf9b045d617e36754a7bc93f933d52bd9ffc6",
                "sha256:a184288538e6ad699cbe6b24859206e38ce5fba28f3bcfa51c90d0502c1582b2",
                "sha256:a222d764352c773aa5ebde02dd84dba3279c81c6db2e482d62a3fa54e5ece69b",
                "sha256:a50aeff71d0f97b6450d33940c7181b08be1441c6c193e678211bff11aa725e7",
                "sha256:a55dc7a7f0b6198b07ec0cd445fbb98b05234e8b00c5ac4874a63372ba98d4ab",
                "sha256:a62eb442011776e4036af5c8b1a00b706c5bc02dc15eb5344b0c750428c94219",
                "sha256:a7d41d1612c1a82b64697e894b75db6758d4f21c3ec069d841e60ebe54b5b571",
                "sha256:a98f6f20465e7618c83252c02041517bd2f7ea29be5378f09667a8f654a5918d",
                "sha256:afe8fb968743d40435c3827632fd36c5fbde633b0423da7692e426529b1759b1",
                "sha256:b0b227dcff8cdc3efbce66d4e50891f04d0a387cce282fe1e66199146a6a8fca",
                "sha256:b30042fe92dbd79f1ba7f6898fada10bdaad1847c44f2dff9a16147e00a93661",
                "sha256:b606b1aaf802e6468c2608c65ff7ece53eae1a6874b3765f69b8ceb20c5fa78e",
                "sha256:b6207dc8fb3c8cb5668e885cef9ec7f70189bec4e276f0ff70d5aa078d32c88e",
                "sha256:c2aed8fcf8abc3020d6a9ccb31dbc9e7d7819c56a348cc88fd44be269b37427e",
                "sha256:cb24cca1968b21355cc6f3da1a20cd1cebd8a023e3c5b09b432444617949085a",
                "sha256:cff210198bb4cae3f3c100444c5eaa573a823f05c253e7188e1362a5555235b3",
                "sha256:d35717333b39d1b6bb8433fa758a55f1081543de527171543a2b710551d40881",
                "sha256:df12a1f99b99f569a7c2ae59aa2d31724e8d835fc7f33e14f4792e3071d11221",
                "sha256:e09d40edfdb4e260cb1567d8ae770ccf3b8b7e9f0d9b5c2a9992696b30ce2742",
                "sha256:e12c6c1ce84628c52d6367863773f7c8c8241be554e8b79686e91a43f1733773",
                "sha256:e2b8cd48a9942ed3f85b95ca4105c45758438c7ed28fff1e4ce3e57c3b589d8e",
                "sha256:e500aba968a48e9019e42c0c199b7ec0696a97fa69037bea163b55398e390529",
                "sha256:ebe5e59545401fbb1b24da76f006ab19734ae71e703cdb4a8b347e84a0cece67",
                "sha256:f0dd071b95bbca244f4cb7f70b77d2ff3aaaba7fa16dc41f58d14854a6204e6c",
                "sha256:f8c8b141ef9699ae777c6278b52c706b653bf15d135d302754f6b2e90eb30367"
            ],
            "markers": "python_version >= '3.10'",
            "version": "==2.2.0"
        },
        "python-dateutil": {
            "hashes": [
                "sha256:37dd54208da7e1cd875388217d5e00ebd4179249f90fb72437e91a35459a0ad3",
                "sha256:a8b2bc7bffae282281c8140a97d3aa9c14da0b136dfe83f850eea9a5f7470427"
            ],
            "markers": "python_version >= '2.7' and python_version not in '3.0, 3.1, 3.2'",
            "version": "==2.9.0.post0"
        },
        "pytz": {
            "hashes": [
                "sha256:2aa355083c50a0f93fa581709deac0c9ad65cca8a9e9beac660adcbd493c798a",
                "sha256:31c7c1817eb7fae7ca4b8c7ee50c72f93aa2dd863de768e1ef4245d426aa0725"
            ],
            "version": "==2024.2"
        },
        "six": {
            "hashes": [
                "sha256:4721f391ed90541fddacab5acf947aa0d3dc7d27b2e1e8eda2be8970586c3274",
                "sha256:ff70335d468e7eb6ec65b95b99d3a2836546063f63acc5171de367e834932a81"
            ],
            "markers": "python_version >= '2.7' and python_version not in '3.0, 3.1, 3.2'",
            "version": "==1.17.0"
        },
        "tsx": {
            "hashes": [
                "sha256:5f3590095b3aba862c2a587d499150e670a16a39c39402b101dfe2a4e39c8210"
            ],
            "index": "pypi",
            "version": "==0.2.0"
        },
        "typing-extensions": {
            "hashes": [
                "sha256:04e5ca0351e0f3f85c6853954072df659d0d13fac324d0072316b67d7794700d",
                "sha256:1a7ead55c7e559dd4dee8856e3a88b41225abfe1ce8df57b7c13915fe121ffb8"
            ],
            "markers": "python_version >= '3.8'",
            "version": "==4.12.2"
        }
    },
    "develop": {}
}
